{
  "nodes": {
    "cacti-dev": {
      "inputs": {
        "flake-utils": [
          "utils"
        ],
        "nixpkgs": [
          "nixpkgs"
        ]
      },
      "locked": {
        "lastModified": 1642269609,
        "narHash": "sha256-lKU8XgLORV/9ENhYqEVfpi1Re6GublFjpDm9pBZdon8=",
        "owner": "nerosnm",
        "repo": "cacti.dev",
        "rev": "8be09e406ac84bc3647f16caf7e456f336238696",
        "type": "github"
      },
      "original": {
        "owner": "nerosnm",
        "ref": "main",
        "repo": "cacti.dev",
        "type": "github"
      }
    },
    "deploy-rs": {
      "inputs": {
        "flake-compat": "flake-compat",
        "nixpkgs": [
          "nixpkgs"
        ],
        "utils": [
          "utils"
        ]
      },
      "locked": {
        "lastModified": 1653594315,
        "narHash": "sha256-kJ0ENmnQJ4qL2FeYKZba9kvv1KmIuB3NVpBwMeI7AJQ=",
        "owner": "serokell",
        "repo": "deploy-rs",
        "rev": "184349d8149436748986d1bdba087e4149e9c160",
        "type": "github"
      },
      "original": {
        "owner": "serokell",
        "repo": "deploy-rs",
        "type": "github"
      }
    },
    "flake-compat": {
      "flake": false,
      "locked": {
        "lastModified": 1648199409,
        "narHash": "sha256-JwPKdC2PoVBkG6E+eWw3j6BMR6sL3COpYWfif7RVb8Y=",
        "owner": "edolstra",
        "repo": "flake-compat",
        "rev": "64a525ee38886ab9028e6f61790de0832aa3ef03",
        "type": "github"
      },
      "original": {
        "owner": "edolstra",
        "repo": "flake-compat",
        "type": "github"
      }
    },
    "hatysa": {
      "inputs": {
        "flake-utils": [
          "utils"
        ],
        "naersk": "naersk",
        "nixpkgs": [
          "nixpkgs"
        ],
        "rust-overlay": [
          "rust-overlay"
        ]
      },
      "locked": {
        "lastModified": 1653907626,
        "narHash": "sha256-AHx5bHYsAuDnpsBNeI3jHRcOFERCKQAUFuLdFxZ+ZxI=",
        "owner": "nerosnm",
        "repo": "hatysa",
        "rev": "1a36a14fca49ce37661dac2415b583c550d09dc6",
        "type": "github"
      },
      "original": {
        "owner": "nerosnm",
        "ref": "master",
        "repo": "hatysa",
        "type": "github"
      }
    },
    "naersk": {
      "inputs": {
        "nixpkgs": "nixpkgs"
      },
      "locked": {
        "lastModified": 1653413650,
        "narHash": "sha256-wojDHjb+eU80MPH+3HQaK0liUy8EgR95rvmCl24i58Y=",
        "owner": "nmattia",
        "repo": "naersk",
        "rev": "69daaceebe12c070cd5ae69ba38f277bbf033695",
        "type": "github"
      },
      "original": {
        "owner": "nmattia",
        "repo": "naersk",
        "type": "github"
      }
    },
    "naersk_2": {
      "inputs": {
        "nixpkgs": [
          "neros-dev",
          "nixpkgs"
        ]
      },
      "locked": {
        "lastModified": 1655042882,
        "narHash": "sha256-9BX8Fuez5YJlN7cdPO63InoyBy7dm3VlJkkmTt6fS1A=",
        "owner": "nix-community",
        "repo": "naersk",
        "rev": "cddffb5aa211f50c4b8750adbec0bbbdfb26bb9f",
        "type": "github"
      },
      "original": {
        "owner": "nix-community",
        "repo": "naersk",
        "type": "github"
      }
    },
    "naersk_3": {
      "inputs": {
        "nixpkgs": "nixpkgs_3"
      },
      "locked": {
        "lastModified": 1639947939,
        "narHash": "sha256-pGsM8haJadVP80GFq4xhnSpNitYNQpaXk4cnA796Cso=",
        "owner": "nmattia",
        "repo": "naersk",
        "rev": "2fc8ce9d3c025d59fee349c1f80be9785049d653",
        "type": "github"
      },
      "original": {
        "owner": "nmattia",
        "repo": "naersk",
        "type": "github"
      }
    },
    "neros-dev": {
      "inputs": {
        "flake-utils": [
          "utils"
        ],
        "naersk": "naersk_2",
        "nixpkgs": [
          "nixpkgs"
        ],
        "rust-overlay": [
          "rust-overlay"
        ]
      },
      "locked": {
        "lastModified": 1656321224,
        "narHash": "sha256-YaeTdzpzEgQxFY9xC5noxdG3I8PYa58aBJOEYMk+sPA=",
        "ref": "main",
        "rev": "952e2303fd25c10ba86dfa3177bca65db3b9bd5e",
        "revCount": 38,
        "type": "git",
        "url": "ssh://git@github.com/nerosnm/neros.dev.git"
      },
      "original": {
        "ref": "main",
        "type": "git",
        "url": "ssh://git@github.com/nerosnm/neros.dev.git"
      }
    },
    "nixpkgs": {
      "locked": {
        "lastModified": 0,
        "narHash": "sha256-kfRusllRumpt33J1hPV+CeCCylCXEU7e0gn2/cIM7cY=",
        "path": "/nix/store/a3i6cnnswvdg4k38jmibnjms65rjvyi7-source",
        "type": "path"
      },
      "original": {
        "id": "nixpkgs",
        "type": "indirect"
      }
    },
    "nixpkgs_2": {
      "locked": {
        "lastModified": 1655567057,
        "narHash": "sha256-Cc5hQSMsTzOHmZnYm8OSJ5RNUp22bd5NADWLHorULWQ=",
        "owner": "nixos",
        "repo": "nixpkgs",
        "rev": "e0a42267f73ea52adc061a64650fddc59906fc99",
        "type": "github"
      },
      "original": {
        "owner": "nixos",
        "ref": "nixpkgs-unstable",
        "repo": "nixpkgs",
        "type": "github"
      }
    },
    "nixpkgs_3": {
      "locked": {
        "lastModified": 1642104392,
        "narHash": "sha256-m71b7MgMh9FDv4MnI5sg9MiBVW6DhE1zq+d/KlLWSC8=",
        "path": "/nix/store/bfllm0im5z34n4v84zvip0kwy6vwl2yz-source",
        "rev": "5aaed40d22f0d9376330b6fa413223435ad6fee5",
        "type": "path"
      },
      "original": {
        "id": "nixpkgs",
        "type": "indirect"
      }
    },
    "oxbow": {
      "inputs": {
        "flake-utils": [
          "utils"
        ],
        "naersk": "naersk_3",
        "nixpkgs": [
          "nixpkgs"
        ],
        "rust-overlay": [
          "rust-overlay"
        ]
      },
      "locked": {
        "lastModified": 1643320126,
        "narHash": "sha256-gL0fyXghzpA15QOy0uzne1TUzsiFJx+CpB7VJ2opBgA=",
        "owner": "nerosnm",
        "repo": "oxbow",
        "rev": "489e351a8aa854d8ac4ae3f20aa589b074734880",
        "type": "github"
      },
      "original": {
        "owner": "nerosnm",
        "ref": "main",
        "repo": "oxbow",
        "type": "github"
      }
    },
    "pomocop": {
      "inputs": {
        "flake-utils": [
          "utils"
        ],
        "nixpkgs": [
          "nixpkgs"
        ],
        "rust-overlay": [
          "rust-overlay"
        ]
      },
      "locked": {
        "lastModified": 1653902891,
        "narHash": "sha256-hgolATPu1Cr/HscvyMC80VVdpBe7alLil6wwkFVWPLw=",
        "owner": "nerosnm",
        "repo": "pomocop",
        "rev": "d50f6d9af01d4603e12b1d8356c5fb1c4953c467",
        "type": "github"
      },
      "original": {
        "owner": "nerosnm",
        "ref": "main",
        "repo": "pomocop",
        "type": "github"
      }
    },
    "root": {
      "inputs": {
        "cacti-dev": "cacti-dev",
        "deploy-rs": "deploy-rs",
        "hatysa": "hatysa",
        "neros-dev": "neros-dev",
        "nixpkgs": "nixpkgs_2",
        "oxbow": "oxbow",
        "pomocop": "pomocop",
        "rust-overlay": "rust-overlay",
        "secrets": "secrets",
        "utils": "utils"
      }
    },
    "rust-overlay": {
      "inputs": {
        "flake-utils": [
          "utils"
        ],
        "nixpkgs": [
          "nixpkgs"
        ]
      },
      "locked": {
        "lastModified": 1655952523,
        "narHash": "sha256-jq+NsrG6ZAjluxJjxuP2nV6KRxGsaE4RoQ+8HqgmpLo=",
        "owner": "oxalica",
        "repo": "rust-overlay",
        "rev": "2182aac936971fcefbf08a1a0c5ef4c81d5e6bdb",
        "type": "github"
      },
      "original": {
        "owner": "oxalica",
        "repo": "rust-overlay",
        "type": "github"
      }
    },
    "secrets": {
      "inputs": {
        "flake-utils": [
          "utils"
        ],
        "nixpkgs": [
          "nixpkgs"
        ]
      },
      "locked": {
        "lastModified": 1656007320,
        "narHash": "sha256-RFvumHI6mnV4cq+8PY04MHXK4+TXiL3lms7KykQAJss=",
        "ref": "main",
        "rev": "bf4632f686bb268dc79d3244f478c0246bde3a05",
        "revCount": 31,
        "type": "git",
        "url": "ssh://git@github.com/nerosnm/secrets.git"
      },
      "original": {
        "ref": "main",
        "type": "git",
        "url": "ssh://git@github.com/nerosnm/secrets.git"
      }
    },
    "utils": {
      "locked": {
        "lastModified": 1653893745,
        "narHash": "sha256-0jntwV3Z8//YwuOjzhV2sgJJPt+HY6KhU7VZUL0fKZQ=",
        "owner": "numtide",
        "repo": "flake-utils",
        "rev": "1ed9fb1935d260de5fe1c2f7ee0ebaae17ed2fa1",
        "type": "github"
      },
      "original": {
        "owner": "numtide",
        "repo": "flake-utils",
        "type": "github"
      }
    }
  },
  "root": "root",
  "version": 7
}
